
Microsoft Visual Studio Solution File, Format Version 12.00
# Visual Studio Version 16
VisualStudioVersion = 16.0.30717.126
MinimumVisualStudioVersion = 10.0.40219.1
Project("{9A19103F-16F7-4668-BE54-9A1E7A4F7556}") = "EmployeesApp", "EmployeesApp\EmployeesApp.csproj", "{8D78BB00-E1EF-460F-A6C5-1C95DE705506}"
EndProject
Project("{9A19103F-16F7-4668-BE54-9A1E7A4F7556}") = "EmployeesApp.Infrastructure", "EmployeesApp.Infrastructure\EmployeesApp.Infrastructure.csproj", "{94AD4EB9-613B-4D5B-A673-703E0A7E9423}"
EndProject
Project("{9A19103F-16F7-4668-BE54-9A1E7A4F7556}") = "EmployeesApp.Domain", "EmployeesApp.Domain\EmployeesApp.Domain.csproj", "{B140919F-2031-426E-B285-1E1C98EEEF5E}"
EndProject
Project("{9A19103F-16F7-4668-BE54-9A1E7A4F7556}") = "EmployeesApp.Application", "EmployeesApp.Application\EmployeesApp.Application.csproj", "{E5B54FF0-ED8F-47B5-8D82-0743A172F12E}"
EndProject
Project("{9A19103F-16F7-4668-BE54-9A1E7A4F7556}") = "EmployeesApp.UnitTests", "EmployeesApp.UnitTests\EmployeesApp.UnitTests.csproj", "{B44BBFE4-A13D-4E75-9CD7-43299D1E4B87}"
EndProject
Global
	GlobalSection(SolutionConfigurationPlatforms) = preSolution
		Debug|Any CPU = Debug|Any CPU
		Release|Any CPU = Release|Any CPU
	EndGlobalSection
	GlobalSection(ProjectConfigurationPlatforms) = postSolution
		{8D78BB00-E1EF-460F-A6C5-1C95DE705506}.Debug|Any CPU.ActiveCfg = Debug|Any CPU
		{8D78BB00-E1EF-460F-A6C5-1C95DE705506}.Debug|Any CPU.Build.0 = Debug|Any CPU
		{8D78BB00-E1EF-460F-A6C5-1C95DE705506}.Release|Any CPU.ActiveCfg = Release|Any CPU
		{8D78BB00-E1EF-460F-A6C5-1C95DE705506}.Release|Any CPU.Build.0 = Release|Any CPU
		{94AD4EB9-613B-4D5B-A673-703E0A7E9423}.Debug|Any CPU.ActiveCfg = Debug|Any CPU
		{94AD4EB9-613B-4D5B-A673-703E0A7E9423}.Debug|Any CPU.Build.0 = Debug|Any CPU
		{94AD4EB9-613B-4D5B-A673-703E0A7E9423}.Release|Any CPU.ActiveCfg = Release|Any CPU
		{94AD4EB9-613B-4D5B-A673-703E0A7E9423}.Release|Any CPU.Build.0 = Release|Any CPU
		{B140919F-2031-426E-B285-1E1C98EEEF5E}.Debug|Any CPU.ActiveCfg = Debug|Any CPU
		{B140919F-2031-426E-B285-1E1C98EEEF5E}.Debug|Any CPU.Build.0 = Debug|Any CPU
		{B140919F-2031-426E-B285-1E1C98EEEF5E}.Release|Any CPU.ActiveCfg = Release|Any CPU
		{B140919F-2031-426E-B285-1E1C98EEEF5E}.Release|Any CPU.Build.0 = Release|Any CPU
		{E5B54FF0-ED8F-47B5-8D82-0743A172F12E}.Debug|Any CPU.ActiveCfg = Debug|Any CPU
		{E5B54FF0-ED8F-47B5-8D82-0743A172F12E}.Debug|Any CPU.Build.0 = Debug|Any CPU
		{E5B54FF0-ED8F-47B5-8D82-0743A172F12E}.Release|Any CPU.ActiveCfg = Release|Any CPU
		{E5B54FF0-ED8F-47B5-8D82-0743A172F12E}.Release|Any CPU.Build.0 = Release|Any CPU
		{B44BBFE4-A13D-4E75-9CD7-43299D1E4B87}.Debug|Any CPU.ActiveCfg = Debug|Any CPU
		{B44BBFE4-A13D-4E75-9CD7-43299D1E4B87}.Debug|Any CPU.Build.0 = Debug|Any CPU
		{B44BBFE4-A13D-4E75-9CD7-43299D1E4B87}.Release|Any CPU.ActiveCfg = Release|Any CPU
		{B44BBFE4-A13D-4E75-9CD7-43299D1E4B87}.Release|Any CPU.Build.0 = Release|Any CPU
	EndGlobalSection
	GlobalSection(SolutionProperties) = preSolution
		HideSolutionNode = FALSE
	EndGlobalSection
	GlobalSection(ExtensibilityGlobals) = postSolution
		SolutionGuid = {F754A0B0-2C60-45C1-8D4F-0DBF01D06A8A}
	EndGlobalSection
EndGlobal
